
Microsoft Visual Studio Solution File, Format Version 12.00
# Visual Studio 15
VisualStudioVersion = 15.0.27428.1
MinimumVisualStudioVersion = 10.0.40219.1
Project("{E24C65DC-7377-472B-9ABA-BC803B73C61A}") = "Hebberige Bruiden", "Hebberige Bruiden\", "{205FBFFE-9D97-4FE7-AB12-E1400EC1F180}"
	ProjectSection(WebsiteProperties) = preProject
		TargetFrameworkMoniker = ".NETFramework,Version%3Dv4.6.1"
		Debug.AspNetCompiler.VirtualPath = "/localhost_63501"
		Debug.AspNetCompiler.PhysicalPath = "Hebberige Bruiden\"
		Debug.AspNetCompiler.TargetPath = "PrecompiledWeb\localhost_63501\"
		Debug.AspNetCompiler.Updateable = "true"
		Debug.AspNetCompiler.ForceOverwrite = "true"
		Debug.AspNetCompiler.FixedNames = "false"
		Debug.AspNetCompiler.Debug = "True"
		Release.AspNetCompiler.VirtualPath = "/localhost_63501"
		Release.AspNetCompiler.PhysicalPath = "Hebberige Bruiden\"
		Release.AspNetCompiler.TargetPath = "PrecompiledWeb\localhost_63501\"
		Release.AspNetCompiler.Updateable = "true"
		Release.AspNetCompiler.ForceOverwrite = "true"
		Release.AspNetCompiler.FixedNames = "false"
		Release.AspNetCompiler.Debug = "False"
		VWDPort = "63501"
		DefaultWebSiteLanguage = "Visual C#"
	EndProjectSection
EndProject
Global
	GlobalSection(SolutionConfigurationPlatforms) = preSolution
		Debug|Any CPU = Debug|Any CPU
	EndGlobalSection
	GlobalSection(ProjectConfigurationPlatforms) = postSolution
		{205FBFFE-9D97-4FE7-AB12-E1400EC1F180}.Debug|Any CPU.ActiveCfg = Debug|Any CPU
		{205FBFFE-9D97-4FE7-AB12-E1400EC1F180}.Debug|Any CPU.Build.0 = Debug|Any CPU
	EndGlobalSection
	GlobalSection(SolutionProperties) = preSolution
		HideSolutionNode = FALSE
	EndGlobalSection
	GlobalSection(ExtensibilityGlobals) = postSolution
		SolutionGuid = {7728E4B3-F733-45DF-9647-D2DD6AE09A54}
	EndGlobalSection
EndGlobal
